// !$*UTF8*$!
{
	archiveVersion = 1;
	classes = {
	};
	objectVersion = 46;
	objects = {

/* Begin PBXBuildFile section */
		D762FFAC19FBCF2D008E47B8 /* Foundation.framework in Frameworks */ = {isa = PBXBuildFile; fileRef = D762FFAB19FBCF2D008E47B8 /* Foundation.framework */; };
		D762FFAE19FBCF2D008E47B8 /* CoreGraphics.framework in Frameworks */ = {isa = PBXBuildFile; fileRef = D762FFAD19FBCF2D008E47B8 /* CoreGraphics.framework */; };
		D762FFB019FBCF2D008E47B8 /* UIKit.framework in Frameworks */ = {isa = PBXBuildFile; fileRef = D762FFAF19FBCF2D008E47B8 /* UIKit.framework */; };
		D762FFB619FBCF2D008E47B8 /* InfoPlist.strings in Resources */ = {isa = PBXBuildFile; fileRef = D762FFB419FBCF2D008E47B8 /* InfoPlist.strings */; };
		D762FFB819FBCF2D008E47B8 /* main.m in Sources */ = {isa = PBXBuildFile; fileRef = D762FFB719FBCF2D008E47B8 /* main.m */; };
		D762FFBC19FBCF2D008E47B8 /* YRAppDelegate.m in Sources */ = {isa = PBXBuildFile; fileRef = D762FFBB19FBCF2D008E47B8 /* YRAppDelegate.m */; };
		D762FFBF19FBCF2D008E47B8 /* Main.storyboard in Resources */ = {isa = PBXBuildFile; fileRef = D762FFBD19FBCF2D008E47B8 /* Main.storyboard */; };
		D762FFC219FBCF2D008E47B8 /* YRViewController.m in Sources */ = {isa = PBXBuildFile; fileRef = D762FFC119FBCF2D008E47B8 /* YRViewController.m */; };
		D762FFC419FBCF2D008E47B8 /* Images.xcassets in Resources */ = {isa = PBXBuildFile; fileRef = D762FFC319FBCF2D008E47B8 /* Images.xcassets */; };
		D762FFCB19FBCF2D008E47B8 /* XCTest.framework in Frameworks */ = {isa = PBXBuildFile; fileRef = D762FFCA19FBCF2D008E47B8 /* XCTest.framework */; };
		D762FFCC19FBCF2D008E47B8 /* Foundation.framework in Frameworks */ = {isa = PBXBuildFile; fileRef = D762FFAB19FBCF2D008E47B8 /* Foundation.framework */; };
		D762FFCD19FBCF2D008E47B8 /* UIKit.framework in Frameworks */ = {isa = PBXBuildFile; fileRef = D762FFAF19FBCF2D008E47B8 /* UIKit.framework */; };
		D762FFD519FBCF2D008E47B8 /* InfoPlist.strings in Resources */ = {isa = PBXBuildFile; fileRef = D762FFD319FBCF2D008E47B8 /* InfoPlist.strings */; };
		D762FFD719FBCF2D008E47B8 /* YRLocationDemoTests.m in Sources */ = {isa = PBXBuildFile; fileRef = D762FFD619FBCF2D008E47B8 /* YRLocationDemoTests.m */; };
/* End PBXBuildFile section */

/* Begin PBXContainerItemProxy section */
		D762FFCE19FBCF2D008E47B8 /* PBXContainerItemProxy */ = {
			isa = PBXContainerItemProxy;
			containerPortal = D762FFA019FBCF2D008E47B8 /* Project object */;
			proxyType = 1;
			remoteGlobalIDString = D762FFA719FBCF2D008E47B8;
			remoteInfo = YRLocationDemo;
		};
/* End PBXContainerItemProxy section */

/* Begin PBXFileReference section */
		D762FFA819FBCF2D008E47B8 /* YRLocationDemo.app */ = {isa = PBXFileReference; explicitFileType = wrapper.application; includeInIndex = 0; path = YRLocationDemo.app; sourceTree = BUILT_PRODUCTS_DIR; };
		D762FFAB19FBCF2D008E47B8 /* Foundation.framework */ = {isa = PBXFileReference; lastKnownFileType = wrapper.framework; name = Foundation.framework; path = System/Library/Frameworks/Foundation.framework; sourceTree = SDKROOT; };
		D762FFAD19FBCF2D008E47B8 /* CoreGraphics.framework */ = {isa = PBXFileReference; lastKnownFileType = wrapper.framework; name = CoreGraphics.framework; path = System/Library/Frameworks/CoreGraphics.framework; sourceTree = SDKROOT; };
		D762FFAF19FBCF2D008E47B8 /* UIKit.framework */ = {isa = PBXFileReference; lastKnownFileType = wrapper.framework; name = UIKit.framework; path = System/Library/Frameworks/UIKit.framework; sourceTree = SDKROOT; };
		D762FFB319FBCF2D008E47B8 /* YRLocationDemo-Info.plist */ = {isa = PBXFileReference; lastKnownFileType = text.plist.xml; path = "YRLocationDemo-Info.plist"; sourceTree = "<group>"; };
		D762FFB519FBCF2D008E47B8 /* en */ = {isa = PBXFileReference; lastKnownFileType = text.plist.strings; name = en; path = en.lproj/InfoPlist.strings; sourceTree = "<group>"; };
		D762FFB719FBCF2D008E47B8 /* main.m */ = {isa = PBXFileReference; lastKnownFileType = sourcecode.c.objc; path = main.m; sourceTree = "<group>"; };
		D762FFB919FBCF2D008E47B8 /* YRLocationDemo-Prefix.pch */ = {isa = PBXFileReference; lastKnownFileType = sourcecode.c.h; path = "YRLocationDemo-Prefix.pch"; sourceTree = "<group>"; };
		D762FFBA19FBCF2D008E47B8 /* YRAppDelegate.h */ = {isa = PBXFileReference; lastKnownFileType = sourcecode.c.h; path = YRAppDelegate.h; sourceTree = "<group>"; };
		D762FFBB19FBCF2D008E47B8 /* YRAppDelegate.m */ = {isa = PBXFileReference; lastKnownFileType = sourcecode.c.objc; path = YRAppDelegate.m; sourceTree = "<group>"; };
		D762FFBE19FBCF2D008E47B8 /* Base */ = {isa = PBXFileReference; lastKnownFileType = file.storyboard; name = Base; path = Base.lproj/Main.storyboard; sourceTree = "<group>"; };
		D762FFC019FBCF2D008E47B8 /* YRViewController.h */ = {isa = PBXFileReference; lastKnownFileType = sourcecode.c.h; path = YRViewController.h; sourceTree = "<group>"; };
		D762FFC119FBCF2D008E47B8 /* YRViewController.m */ = {isa = PBXFileReference; lastKnownFileType = sourcecode.c.objc; path = YRViewController.m; sourceTree = "<group>"; };
		D762FFC319FBCF2D008E47B8 /* Images.xcassets */ = {isa = PBXFileReference; lastKnownFileType = folder.assetcatalog; path = Images.xcassets; sourceTree = "<group>"; };
		D762FFC919FBCF2D008E47B8 /* YRLocationDemoTests.xctest */ = {isa = PBXFileReference; explicitFileType = wrapper.cfbundle; includeInIndex = 0; path = YRLocationDemoTests.xctest; sourceTree = BUILT_PRODUCTS_DIR; };
		D762FFCA19FBCF2D008E47B8 /* XCTest.framework */ = {isa = PBXFileReference; lastKnownFileType = wrapper.framework; name = XCTest.framework; path = Library/Frameworks/XCTest.framework; sourceTree = DEVELOPER_DIR; };
		D762FFD219FBCF2D008E47B8 /* YRLocationDemoTests-Info.plist */ = {isa = PBXFileReference; lastKnownFileType = text.plist.xml; path = "YRLocationDemoTests-Info.plist"; sourceTree = "<group>"; };
		D762FFD419FBCF2D008E47B8 /* en */ = {isa = PBXFileReference; lastKnownFileType = text.plist.strings; name = en; path = en.lproj/InfoPlist.strings; sourceTree = "<group>"; };
		D762FFD619FBCF2D008E47B8 /* YRLocationDemoTests.m */ = {isa = PBXFileReference; lastKnownFileType = sourcecode.c.objc; path = YRLocationDemoTests.m; sourceTree = "<group>"; };
/* End PBXFileReference section */

/* Begin PBXFrameworksBuildPhase section */
		D762FFA519FBCF2D008E47B8 /* Frameworks */ = {
			isa = PBXFrameworksBuildPhase;
			buildActionMask = 2147483647;
			files = (
				D762FFAE19FBCF2D008E47B8 /* CoreGraphics.framework in Frameworks */,
				D762FFB019FBCF2D008E47B8 /* UIKit.framework in Frameworks */,
				D762FFAC19FBCF2D008E47B8 /* Foundation.framework in Frameworks */,
			);
			runOnlyForDeploymentPostprocessing = 0;
		};
		D762FFC619FBCF2D008E47B8 /* Frameworks */ = {
			isa = PBXFrameworksBuildPhase;
			buildActionMask = 2147483647;
			files = (
				D762FFCB19FBCF2D008E47B8 /* XCTest.framework in Frameworks */,
				D762FFCD19FBCF2D008E47B8 /* UIKit.framework in Frameworks */,
				D762FFCC19FBCF2D008E47B8 /* Foundation.framework in Frameworks */,
			);
			runOnlyForDeploymentPostprocessing = 0;
		};
/* End PBXFrameworksBuildPhase section */

/* Begin PBXGroup section */
		D762FF9F19FBCF2D008E47B8 = {
			isa = PBXGroup;
			children = (
				D762FFB119FBCF2D008E47B8 /* YRLocationDemo */,
				D762FFD019FBCF2D008E47B8 /* YRLocationDemoTests */,
				D762FFAA19FBCF2D008E47B8 /* Frameworks */,
				D762FFA919FBCF2D008E47B8 /* Products */,
			);
			sourceTree = "<group>";
		};
		D762FFA919FBCF2D008E47B8 /* Products */ = {
			isa = PBXGroup;
			children = (
				D762FFA819FBCF2D008E47B8 /* YRLocationDemo.app */,
				D762FFC919FBCF2D008E47B8 /* YRLocationDemoTests.xctest */,
			);
			name = Products;
			sourceTree = "<group>";
		};
		D762FFAA19FBCF2D008E47B8 /* Frameworks */ = {
			isa = PBXGroup;
			children = (
				D762FFAB19FBCF2D008E47B8 /* Foundation.framework */,
				D762FFAD19FBCF2D008E47B8 /* CoreGraphics.framework */,
				D762FFAF19FBCF2D008E47B8 /* UIKit.framework */,
				D762FFCA19FBCF2D008E47B8 /* XCTest.framework */,
			);
			name = Frameworks;
			sourceTree = "<group>";
		};
		D762FFB119FBCF2D008E47B8 /* YRLocationDemo */ = {
			isa = PBXGroup;
			children = (
				D762FFBA19FBCF2D008E47B8 /* YRAppDelegate.h */,
				D762FFBB19FBCF2D008E47B8 /* YRAppDelegate.m */,
				D762FFBD19FBCF2D008E47B8 /* Main.storyboard */,
				D762FFC019FBCF2D008E47B8 /* YRViewController.h */,
				D762FFC119FBCF2D008E47B8 /* YRViewController.m */,
				D762FFC319FBCF2D008E47B8 /* Images.xcassets */,
				D762FFB219FBCF2D008E47B8 /* Supporting Files */,
			);
			path = YRLocationDemo;
			sourceTree = "<group>";
		};
		D762FFB219FBCF2D008E47B8 /* Supporting Files */ = {
			isa = PBXGroup;
			children = (
				D762FFB319FBCF2D008E47B8 /* YRLocationDemo-Info.plist */,
				D762FFB419FBCF2D008E47B8 /* InfoPlist.strings */,
				D762FFB719FBCF2D008E47B8 /* main.m */,
				D762FFB919FBCF2D008E47B8 /* YRLocationDemo-Prefix.pch */,
			);
			name = "Supporting Files";
			sourceTree = "<group>";
		};
		D762FFD019FBCF2D008E47B8 /* YRLocationDemoTests */ = {
			isa = PBXGroup;
			children = (
				D762FFD619FBCF2D008E47B8 /* YRLocationDemoTests.m */,
				D762FFD119FBCF2D008E47B8 /* Supporting Files */,
			);
			path = YRLocationDemoTests;
			sourceTree = "<group>";
		};
		D762FFD119FBCF2D008E47B8 /* Supporting Files */ = {
			isa = PBXGroup;
			children = (
				D762FFD219FBCF2D008E47B8 /* YRLocationDemoTests-Info.plist */,
				D762FFD319FBCF2D008E47B8 /* InfoPlist.strings */,
			);
			name = "Supporting Files";
			sourceTree = "<group>";
		};
/* End PBXGroup section */

/* Begin PBXNativeTarget section */
		D762FFA719FBCF2D008E47B8 /* YRLocationDemo */ = {
			isa = PBXNativeTarget;
			buildConfigurationList = D762FFDA19FBCF2D008E47B8 /* Build configuration list for PBXNativeTarget "YRLocationDemo" */;
			buildPhases = (
				D762FFA419FBCF2D008E47B8 /* Sources */,
				D762FFA519FBCF2D008E47B8 /* Frameworks */,
				D762FFA619FBCF2D008E47B8 /* Resources */,
			);
			buildRules = (
			);
			dependencies = (
			);
			name = YRLocationDemo;
			productName = YRLocationDemo;
			productReference = D762FFA819FBCF2D008E47B8 /* YRLocationDemo.app */;
			productType = "com.apple.product-type.application";
		};
		D762FFC819FBCF2D008E47B8 /* YRLocationDemoTests */ = {
			isa = PBXNativeTarget;
			buildConfigurationList = D762FFDD19FBCF2D008E47B8 /* Build configuration list for PBXNativeTarget "YRLocationDemoTests" */;
			buildPhases = (
				D762FFC519FBCF2D008E47B8 /* Sources */,
				D762FFC619FBCF2D008E47B8 /* Frameworks */,
				D762FFC719FBCF2D008E47B8 /* Resources */,
			);
			buildRules = (
			);
			dependencies = (
				D762FFCF19FBCF2D008E47B8 /* PBXTargetDependency */,
			);
			name = YRLocationDemoTests;
			productName = YRLocationDemoTests;
			productReference = D762FFC919FBCF2D008E47B8 /* YRLocationDemoTests.xctest */;
			productType = "com.apple.product-type.bundle.unit-test";
		};
/* End PBXNativeTarget section */

/* Begin PBXProject section */
		D762FFA019FBCF2D008E47B8 /* Project object */ = {
			isa = PBXProject;
			attributes = {
				CLASSPREFIX = YR;
				LastUpgradeCheck = 0510;
				ORGANIZATIONNAME = "___FULLUSERNAME___";
				TargetAttributes = {
					D762FFC819FBCF2D008E47B8 = {
						TestTargetID = D762FFA719FBCF2D008E47B8;
					};
				};
			};
			buildConfigurationList = D762FFA319FBCF2D008E47B8 /* Build configuration list for PBXProject "YRLocationDemo" */;
			compatibilityVersion = "Xcode 3.2";
			developmentRegion = English;
			hasScannedForEncodings = 0;
			knownRegions = (
				en,
				Base,
			);
			mainGroup = D762FF9F19FBCF2D008E47B8;
			productRefGroup = D762FFA919FBCF2D008E47B8 /* Products */;
			projectDirPath = "";
			projectRoot = "";
			targets = (
				D762FFA719FBCF2D008E47B8 /* YRLocationDemo */,
				D762FFC819FBCF2D008E47B8 /* YRLocationDemoTests */,
			);
		};
/* End PBXProject section */

/* Begin PBXResourcesBuildPhase section */
		D762FFA619FBCF2D008E47B8 /* Resources */ = {
			isa = PBXResourcesBuildPhase;
			buildActionMask = 2147483647;
			files = (
				D762FFC419FBCF2D008E47B8 /* Images.xcassets in Resources */,
				D762FFB619FBCF2D008E47B8 /* InfoPlist.strings in Resources */,
				D762FFBF19FBCF2D008E47B8 /* Main.storyboard in Resources */,
			);
			runOnlyForDeploymentPostprocessing = 0;
		};
		D762FFC719FBCF2D008E47B8 /* Resources */ = {
			isa = PBXResourcesBuildPhase;
			buildActionMask = 2147483647;
			files = (
				D762FFD519FBCF2D008E47B8 /* InfoPlist.strings in Resources */,
			);
			runOnlyForDeploymentPostprocessing = 0;
		};
/* End PBXResourcesBuildPhase section */

/* Begin PBXSourcesBuildPhase section */
		D762FFA419FBCF2D008E47B8 /* Sources */ = {
			isa = PBXSourcesBuildPhase;
			buildActionMask = 2147483647;
			files = (
				D762FFC219FBCF2D008E47B8 /* YRViewController.m in Sources */,
				D762FFB819FBCF2D008E47B8 /* main.m in Sources */,
				D762FFBC19FBCF2D008E47B8 /* YRAppDelegate.m in Sources */,
			);
			runOnlyForDeploymentPostprocessing = 0;
		};
		D762FFC519FBCF2D008E47B8 /* Sources */ = {
			isa = PBXSourcesBuildPhase;
			buildActionMask = 2147483647;
			files = (
				D762FFD719FBCF2D008E47B8 /* YRLocationDemoTests.m in Sources */,
			);
			runOnlyForDeploymentPostprocessing = 0;
		};
/* End PBXSourcesBuildPhase section */

/* Begin PBXTargetDependency section */
		D762FFCF19FBCF2D008E47B8 /* PBXTargetDependency */ = {
			isa = PBXTargetDependency;
			target = D762FFA719FBCF2D008E47B8 /* YRLocationDemo */;
			targetProxy = D762FFCE19FBCF2D008E47B8 /* PBXContainerItemProxy */;
		};
/* End PBXTargetDependency section */

/* Begin PBXVariantGroup section */
		D762FFB419FBCF2D008E47B8 /* InfoPlist.strings */ = {
			isa = PBXVariantGroup;
			children = (
				D762FFB519FBCF2D008E47B8 /* en */,
			);
			name = InfoPlist.strings;
			sourceTree = "<group>";
		};
		D762FFBD19FBCF2D008E47B8 /* Main.storyboard */ = {
			isa = PBXVariantGroup;
			children = (
				D762FFBE19FBCF2D008E47B8 /* Base */,
			);
			name = Main.storyboard;
			sourceTree = "<group>";
		};
		D762FFD319FBCF2D008E47B8 /* InfoPlist.strings */ = {
			isa = PBXVariantGroup;
			children = (
				D762FFD419FBCF2D008E47B8 /* en */,
			);
			name = InfoPlist.strings;
			sourceTree = "<group>";
		};
/* End PBXVariantGroup section */

/* Begin XCBuildConfiguration section */
		D762FFD819FBCF2D008E47B8 /* Debug */ = {
			isa = XCBuildConfiguration;
			buildSettings = {
				ALWAYS_SEARCH_USER_PATHS = NO;
				CLANG_CXX_LANGUAGE_STANDARD = "gnu++0x";
				CLANG_CXX_LIBRARY = "libc++";
				CLANG_ENABLE_MODULES = YES;
				CLANG_ENABLE_OBJC_ARC = YES;
				CLANG_WARN_BOOL_CONVERSION = YES;
				CLANG_WARN_CONSTANT_CONVERSION = YES;
				CLANG_WARN_DIRECT_OBJC_ISA_USAGE = YES_ERROR;
				CLANG_WARN_EMPTY_BODY = YES;
				CLANG_WARN_ENUM_CONVERSION = YES;
				CLANG_WARN_INT_CONVERSION = YES;
				CLANG_WARN_OBJC_ROOT_CLASS = YES_ERROR;
				CLANG_WARN__DUPLICATE_METHOD_MATCH = YES;
				"CODE_SIGN_IDENTITY[sdk=iphoneos*]" = "iPhone Developer";
				COPY_PHASE_STRIP = NO;
				GCC_C_LANGUAGE_STANDARD = gnu99;
				GCC_DYNAMIC_NO_PIC = NO;
				GCC_OPTIMIZATION_LEVEL = 0;
				GCC_PREPROCESSOR_DEFINITIONS = (
					"DEBUG=1",
					"$(inherited)",
				);
				GCC_SYMBOLS_PRIVATE_EXTERN = NO;
				GCC_WARN_64_TO_32_BIT_CONVERSION = YES;
				GCC_WARN_ABOUT_RETURN_TYPE = YES_ERROR;
				GCC_WARN_UNDECLARED_SELECTOR = YES;
				GCC_WARN_UNINITIALIZED_AUTOS = YES_AGGRESSIVE;
				GCC_WARN_UNUSED_FUNCTION = YES;
				GCC_WARN_UNUSED_VARIABLE = YES;
				IPHONEOS_DEPLOYMENT_TARGET = 7.1;
				ONLY_ACTIVE_ARCH = YES;
				SDKROOT = iphoneos;
			};
			name = Debug;
		};
		D762FFD919FBCF2D008E47B8 /* Release */ = {
			isa = XCBuildConfiguration;
			buildSettings = {
				ALWAYS_SEARCH_USER_PATHS = NO;
				CLANG_CXX_LANGUAGE_STANDARD = "gnu++0x";
				CLANG_CXX_LIBRARY = "libc++";
				CLANG_ENABLE_MODULES = YES;
				CLANG_ENABLE_OBJC_ARC = YES;
				CLANG_WARN_BOOL_CONVERSION = YES;
				CLANG_WARN_CONSTANT_CONVERSION = YES;
				CLANG_WARN_DIRECT_OBJC_ISA_USAGE = YES_ERROR;
				CLANG_WARN_EMPTY_BODY = YES;
				CLANG_WARN_ENUM_CONVERSION = YES;
				CLANG_WARN_INT_CONVERSION = YES;
				CLANG_WARN_OBJC_ROOT_CLASS = YES_ERROR;
				CLANG_WARN__DUPLICATE_METHOD_MATCH = YES;
				"CODE_SIGN_IDENTITY[sdk=iphoneos*]" = "iPhone Developer";
				COPY_PHASE_STRIP = YES;
				ENABLE_NS_ASSERTIONS = NO;
				GCC_C_LANGUAGE_STANDARD = gnu99;
				GCC_WARN_64_TO_32_BIT_CONVERSION = YES;
				GCC_WARN_ABOUT_RETURN_TYPE = YES_ERROR;
				GCC_WARN_UNDECLARED_SELECTOR = YES;
				GCC_WARN_UNINITIALIZED_AUTOS = YES_AGGRESSIVE;
				GCC_WARN_UNUSED_FUNCTION = YES;
				GCC_WARN_UNUSED_VARIABLE = YES;
				IPHONEOS_DEPLOYMENT_TARGET = 7.1;
				SDKROOT = iphoneos;
				VALIDATE_PRODUCT = YES;
			};
			name = Release;
		};
		D762FFDB19FBCF2D008E47B8 /* Debug */ = {
			isa = XCBuildConfiguration;
			buildSettings = {
				ASSETCATALOG_COMPILER_APPICON_NAME = AppIcon;
				ASSETCATALOG_COMPILER_LAUNCHIMAGE_NAME = LaunchImage;
				GCC_PRECOMPILE_PREFIX_HEADER = YES;
				GCC_PREFIX_HEADER = "YRLocationDemo/YRLocationDemo-Prefix.pch";
				INFOPLIST_FILE = "YRLocationDemo/YRLocationDemo-Info.plist";
				PRODUCT_NAME = "$(TARGET_NAME)";
				WRAPPER_EXTENSION = app;
			};
			name = Debug;
		};
		D762FFDC19FBCF2D008E47B8 /* Release */ = {
			isa = XCBuildConfiguration;
			buildSettings = {
				ASSETCATALOG_COMPILER_APPICON_NAME = AppIcon;
				ASSETCATALOG_COMPILER_LAUNCHIMAGE_NAME = LaunchImage;
				GCC_PRECOMPILE_PREFIX_HEADER = YES;
				GCC_PREFIX_HEADER = "YRLocationDemo/YRLocationDemo-Prefix.pch";
				INFOPLIST_FILE = "YRLocationDemo/YRLocationDemo-Info.plist";
				PRODUCT_NAME = "$(TARGET_NAME)";
				WRAPPER_EXTENSION = app;
			};
			name = Release;
		};
		D762FFDE19FBCF2D008E47B8 /* Debug */ = {
			isa = XCBuildConfiguration;
			buildSettings = {
				BUNDLE_LOADER = "$(BUILT_PRODUCTS_DIR)/YRLocationDemo.app/YRLocationDemo";
				FRAMEWORK_SEARCH_PATHS = (
					"$(SDKROOT)/Developer/Library/Frameworks",
					"$(inherited)",
					"$(DEVELOPER_FRAMEWORKS_DIR)",
				);
				GCC_PRECOMPILE_PREFIX_HEADER = YES;
				GCC_PREFIX_HEADER = "YRLocationDemo/YRLocationDemo-Prefix.pch";
				GCC_PREPROCESSOR_DEFINITIONS = (
					"DEBUG=1",
					"$(inherited)",
				);
				INFOPLIST_FILE = "YRLocationDemoTests/YRLocationDemoTests-Info.plist";
				PRODUCT_NAME = "$(TARGET_NAME)";
				TEST_HOST = "$(BUNDLE_LOADER)";
				WRAPPER_EXTENSION = xctest;
			};
			name = Debug;
		};
		D762FFDF19FBCF2D008E47B8 /* Release */ = {
			isa = XCBuildConfiguration;
			buildSettings = {
				BUNDLE_LOADER = "$(BUILT_PRODUCTS_DIR)/YRLocationDemo.app/YRLocationDemo";
				FRAMEWORK_SEARCH_PATHS = (
					"$(SDKROOT)/Developer/Library/Frameworks",
					"$(inherited)",
					"$(DEVELOPER_FRAMEWORKS_DIR)",
				);
				GCC_PRECOMPILE_PREFIX_HEADER = YES;
				GCC_PREFIX_HEADER = "YRLocationDemo/YRLocationDemo-Prefix.pch";
				INFOPLIST_FILE = "YRLocationDemoTests/YRLocationDemoTests-Info.plist";
				PRODUCT_NAME = "$(TARGET_NAME)";
				TEST_HOST = "$(BUNDLE_LOADER)";
				WRAPPER_EXTENSION = xctest;
			};
			name = Release;
		};
/* End XCBuildConfiguration section */

/* Begin XCConfigurationList section */
		D762FFA319FBCF2D008E47B8 /* Build configuration list for PBXProject "YRLocationDemo" */ = {
			isa = XCConfigurationList;
			buildConfigurations = (
				D762FFD819FBCF2D008E47B8 /* Debug */,
				D762FFD919FBCF2D008E47B8 /* Release */,
			);
			defaultConfigurationIsVisible = 0;
			defaultConfigurationName = Release;
		};
		D762FFDA19FBCF2D008E47B8 /* Build configuration list for PBXNativeTarget "YRLocationDemo" */ = {
			isa = XCConfigurationList;
			buildConfigurations = (
				D762FFDB19FBCF2D008E47B8 /* Debug */,
				D762FFDC19FBCF2D008E47B8 /* Release */,
			);
			defaultConfigurationIsVisible = 0;
		};
		D762FFDD19FBCF2D008E47B8 /* Build configuration list for PBXNativeTarget "YRLocationDemoTests" */ = {
			isa = XCConfigurationList;
			buildConfigurations = (
				D762FFDE19FBCF2D008E47B8 /* Debug */,
				D762FFDF19FBCF2D008E47B8 /* Release */,
			);
			defaultConfigurationIsVisible = 0;
		};
/* End XCConfigurationList section */
	};
	rootObject = D762FFA019FBCF2D008E47B8 /* Project object */;
}
